
Microsoft Visual Studio Solution File, Format Version 12.00
# Visual Studio Version 17
VisualStudioVersion = 17.11.35327.3
MinimumVisualStudioVersion = 10.0.40219.1
Project("{8BC9CEB8-8B4A-11D0-8D11-00A0C91BC942}") = "mergesort", "mergesort\mergesort.vcxproj", "{B5B196D8-4802-40DC-BC1A-744058B8B44D}"
EndProject
Global
	GlobalSection(SolutionConfigurationPlatforms) = preSolution
		Debug|x64 = Debug|x64
		Debug|x86 = Debug|x86
		Release|x64 = Release|x64
		Release|x86 = Release|x86
	EndGlobalSection
	GlobalSection(ProjectConfigurationPlatforms) = postSolution
		{B5B196D8-4802-40DC-BC1A-744058B8B44D}.Debug|x64.ActiveCfg = Debug|x64
		{B5B196D8-4802-40DC-BC1A-744058B8B44D}.Debug|x64.Build.0 = Debug|x64
		{B5B196D8-4802-40DC-BC1A-744058B8B44D}.Debug|x86.ActiveCfg = Debug|Win32
		{B5B196D8-4802-40DC-BC1A-744058B8B44D}.Debug|x86.Build.0 = Debug|Win32
		{B5B196D8-4802-40DC-BC1A-744058B8B44D}.Release|x64.ActiveCfg = Release|x64
		{B5B196D8-4802-40DC-BC1A-744058B8B44D}.Release|x64.Build.0 = Release|x64
		{B5B196D8-4802-40DC-BC1A-744058B8B44D}.Release|x86.ActiveCfg = Release|Win32
		{B5B196D8-4802-40DC-BC1A-744058B8B44D}.Release|x86.Build.0 = Release|Win32
	EndGlobalSection
	GlobalSection(SolutionProperties) = preSolution
		HideSolutionNode = FALSE
	EndGlobalSection
	GlobalSection(ExtensibilityGlobals) = postSolution
		SolutionGuid = {DF2D587F-9F29-4298-BC11-4802D379318D}
	EndGlobalSection
EndGlobal
