
Microsoft Visual Studio Solution File, Format Version 12.00
# Visual Studio Version 17
VisualStudioVersion = 17.9.34616.47
MinimumVisualStudioVersion = 10.0.40219.1
Project("{8BC9CEB8-8B4A-11D0-8D11-00A0C91BC942}") = "Merge_sort", "Merge_sort.vcxproj", "{EC2EEDA2-E26F-4872-A175-6470F513CD2A}"
EndProject
Global
	GlobalSection(SolutionConfigurationPlatforms) = preSolution
		Debug|x64 = Debug|x64
		Debug|x86 = Debug|x86
		Release|x64 = Release|x64
		Release|x86 = Release|x86
	EndGlobalSection
	GlobalSection(ProjectConfigurationPlatforms) = postSolution
		{EC2EEDA2-E26F-4872-A175-6470F513CD2A}.Debug|x64.ActiveCfg = Debug|x64
		{EC2EEDA2-E26F-4872-A175-6470F513CD2A}.Debug|x64.Build.0 = Debug|x64
		{EC2EEDA2-E26F-4872-A175-6470F513CD2A}.Debug|x86.ActiveCfg = Debug|Win32
		{EC2EEDA2-E26F-4872-A175-6470F513CD2A}.Debug|x86.Build.0 = Debug|Win32
		{EC2EEDA2-E26F-4872-A175-6470F513CD2A}.Release|x64.ActiveCfg = Release|x64
		{EC2EEDA2-E26F-4872-A175-6470F513CD2A}.Release|x64.Build.0 = Release|x64
		{EC2EEDA2-E26F-4872-A175-6470F513CD2A}.Release|x86.ActiveCfg = Release|Win32
		{EC2EEDA2-E26F-4872-A175-6470F513CD2A}.Release|x86.Build.0 = Release|Win32
	EndGlobalSection
	GlobalSection(SolutionProperties) = preSolution
		HideSolutionNode = FALSE
	EndGlobalSection
	GlobalSection(ExtensibilityGlobals) = postSolution
		SolutionGuid = {3856B1F4-2AED-48C2-8CD1-C3C65259D483}
	EndGlobalSection
EndGlobal
